github.com/bowman2001/hugo-mod-error-message v0.0.0-20230827105339-00c160f7b8ba h1:lT9q+3BAnwdl7YIx1+Iz4KgHgBWe48w9N1yYCf3kTu4=
github.com/bowman2001/hugo-mod-error-message v0.0.0-20230827105339-00c160f7b8ba/go.mod h1:s473WVJh6WZSTryMc/OSxp5F1pRAoMw73ClzmbUcbRk=
github.com/bowman2001/hugo-mod-error-message v0.0.0-20230828202921-a80cf9b12869 h1:7KwUAvBgPzUM60+Mmwj3fc2MHIqYpa/op8C7wbB9XaE=
github.com/bowman2001/hugo-mod-error-message v0.0.0-20230828202921-a80cf9b12869/go.mod h1:s473WVJh6WZSTryMc/OSxp5F1pRAoMw73ClzmbUcbRk=
github.com/bowman2001/hugo-mod-resource v0.0.0-20230827183443-a64d78766181 h1:ptAigNqbktBI2kiNxxlmk5qmPKzrgDCfxD20jh+p0aA=
github.com/bowman2001/hugo-mod-resource v0.0.0-20230827183443-a64d78766181/go.mod h1:ogxoWgrfHZ1zwnU02JMH0Ep43QIr19T5Ld9pLDnBwVs=
github.com/bowman2001/hugo-mod-resource v0.0.0-20230828081742-ba67f8a96c7e h1:X+uekrNFDBM6uD5BeGBwgu0wBdUu09I+PwwLyE2QGfs=
github.com/bowman2001/hugo-mod-resource v0.0.0-20230828081742-ba67f8a96c7e/go.mod h1:bpkDPq8884Zx71IRcp8YvbRsqGbvF4nA2S5bNVBrvs8=
github.com/bowman2001/hugo-mod-resource v0.0.0-20230828174036-e519840bcbc6 h1:RV6ifpsB3xRGhXuUt7GMQmMEwdeDwKTe9SGCARLFuXk=
github.com/bowman2001/hugo-mod-resource v0.0.0-20230828174036-e519840bcbc6/go.mod h1:bpkDPq8884Zx71IRcp8YvbRsqGbvF4nA2S5bNVBrvs8=
github.com/bowman2001/hugo-mod-resource v0.0.0-20230828194325-ca4ab53ac74d h1:3YKns4V/ISIu3ehG+DPd4GuSKYh5KEnuBXS+210dZeA=
github.com/bowman2001/hugo-mod-resource v0.0.0-20230828194325-ca4ab53ac74d/go.mod h1:bpkDPq8884Zx71IRcp8YvbRsqGbvF4nA2S5bNVBrvs8=
github.com/bowman2001/hugo-mod-resource v0.0.0-20230828203210-bc37e4341537 h1:a0wMZ6oGF8D3Cs6QaFg20hW9LeGtdAlnlR1Tz7vduZ0=
github.com/bowman2001/hugo-mod-resource v0.0.0-20230828203210-bc37e4341537/go.mod h1:XaqBpwviNkKXnCArAwk2jQAysLJxWbJxRbtniDIJwd0=
