github.com/bowman2001/hugo-mod-error-message v0.0.0-20230827105339-00c160f7b8ba h1:lT9q+3BAnwdl7YIx1+Iz4KgHgBWe48w9N1yYCf3kTu4=
github.com/bowman2001/hugo-mod-error-message v0.0.0-20230827105339-00c160f7b8ba/go.mod h1:s473WVJh6WZSTryMc/OSxp5F1pRAoMw73ClzmbUcbRk=
github.com/bowman2001/hugo-mod-resource v0.0.0-20230827183443-a64d78766181 h1:ptAigNqbktBI2kiNxxlmk5qmPKzrgDCfxD20jh+p0aA=
github.com/bowman2001/hugo-mod-resource v0.0.0-20230827183443-a64d78766181/go.mod h1:ogxoWgrfHZ1zwnU02JMH0Ep43QIr19T5Ld9pLDnBwVs=
github.com/bowman2001/hugo-mod-resource v0.0.0-20230828081742-ba67f8a96c7e h1:X+uekrNFDBM6uD5BeGBwgu0wBdUu09I+PwwLyE2QGfs=
github.com/bowman2001/hugo-mod-resource v0.0.0-20230828081742-ba67f8a96c7e/go.mod h1:bpkDPq8884Zx71IRcp8YvbRsqGbvF4nA2S5bNVBrvs8=
