github.com/bowman2001/hugo-mod-error-message v0.0.0-20230827105339-00c160f7b8ba h1:lT9q+3BAnwdl7YIx1+Iz4KgHgBWe48w9N1yYCf3kTu4=
github.com/bowman2001/hugo-mod-error-message v0.0.0-20230827105339-00c160f7b8ba/go.mod h1:s473WVJh6WZSTryMc/OSxp5F1pRAoMw73ClzmbUcbRk=
github.com/bowman2001/hugo-mod-error-message v0.0.0-20230828202921-a80cf9b12869 h1:7KwUAvBgPzUM60+Mmwj3fc2MHIqYpa/op8C7wbB9XaE=
github.com/bowman2001/hugo-mod-error-message v0.0.0-20230828202921-a80cf9b12869/go.mod h1:s473WVJh6WZSTryMc/OSxp5F1pRAoMw73ClzmbUcbRk=
github.com/bowman2001/hugo-mod-error-message v0.0.0-20230914090821-234a6e8aca40 h1:xeFmgHgMCQJByHBY8X+LbFQfJMu3Y5B/EjT1jl2X5ZM=
github.com/bowman2001/hugo-mod-error-message v0.0.0-20230914090821-234a6e8aca40/go.mod h1:qOtBS8WaRgnWHFVWXqvah1V2bYYWX4sUD7l524QJrgU=
github.com/bowman2001/hugo-mod-error-message v0.0.0-20230914193737-c927540eeed6 h1:YQsjESxD13lKWJzPdDHob6yvg2sZfhqcItiSuwPQVI0=
github.com/bowman2001/hugo-mod-error-message v0.0.0-20230914193737-c927540eeed6/go.mod h1:qOtBS8WaRgnWHFVWXqvah1V2bYYWX4sUD7l524QJrgU=
github.com/bowman2001/hugo-mod-error-message v0.0.0-20231017200927-fb4ca93354cd h1:TM1fE12YOLDxxxz/Zh6IkxJjd/D+VWQf1q9fGrro5JA=
github.com/bowman2001/hugo-mod-error-message v0.0.0-20231017200927-fb4ca93354cd/go.mod h1:qOtBS8WaRgnWHFVWXqvah1V2bYYWX4sUD7l524QJrgU=
github.com/bowman2001/hugo-mod-error-message v0.1.0 h1:YE39+3IzZPA2+55cnULJfEfJmxQTEL9dCwGdFAFoyWo=
github.com/bowman2001/hugo-mod-error-message v0.1.0/go.mod h1:qOtBS8WaRgnWHFVWXqvah1V2bYYWX4sUD7l524QJrgU=
github.com/bowman2001/hugo-mod-error-message v0.3.0 h1:16Osd3j9FYHVdinWTTSL5sww5tcbiNvmcQQYhy2Imzw=
github.com/bowman2001/hugo-mod-error-message v0.3.0/go.mod h1:qOtBS8WaRgnWHFVWXqvah1V2bYYWX4sUD7l524QJrgU=
github.com/bowman2001/hugo-mod-image v0.0.0-20230824130622-a8b58edb8e0a h1:ZaBVVoibmACKmHa/DjAf6idxh1/UOrYvaaqslMSaLTo=
github.com/bowman2001/hugo-mod-image v0.0.0-20230824130622-a8b58edb8e0a/go.mod h1:S6nfOoTUyVKnDj92lm+SMjUH3WWbzc++FVmflwGyRck=
github.com/bowman2001/hugo-mod-image v0.0.0-20230824132640-c1aec8739c5b h1:2elhYb14MO4PmCgE/1xd0EnsgjXT6DVJz4T6GDAExQg=
github.com/bowman2001/hugo-mod-image v0.0.0-20230824132640-c1aec8739c5b/go.mod h1:S6nfOoTUyVKnDj92lm+SMjUH3WWbzc++FVmflwGyRck=
github.com/bowman2001/hugo-mod-pangram v0.0.0-20230803153646-6851d0e94236 h1:dpQ/1Ue1X8xYw00zZNM9QPNIaAwvLU4Wq4FjkBapkrY=
github.com/bowman2001/hugo-mod-pangram v0.0.0-20230803153646-6851d0e94236/go.mod h1:p26SPxvC7Q7pLpgX+qS0qicq8Nck5ewwSkS6IfzF3kM=
github.com/bowman2001/hugo-mod-resource v0.0.0-20230827174850-1542fd063c82 h1:oZZXeDprzoWa2l6jWVkk0NIHerWm3joY/2zkHXzzvgk=
github.com/bowman2001/hugo-mod-resource v0.0.0-20230827174850-1542fd063c82/go.mod h1:ogxoWgrfHZ1zwnU02JMH0Ep43QIr19T5Ld9pLDnBwVs=
github.com/bowman2001/hugo-mod-resource v0.0.0-20230827183443-a64d78766181 h1:ptAigNqbktBI2kiNxxlmk5qmPKzrgDCfxD20jh+p0aA=
github.com/bowman2001/hugo-mod-resource v0.0.0-20230827183443-a64d78766181/go.mod h1:ogxoWgrfHZ1zwnU02JMH0Ep43QIr19T5Ld9pLDnBwVs=
github.com/bowman2001/hugo-mod-resource v0.0.0-20230828081742-ba67f8a96c7e h1:X+uekrNFDBM6uD5BeGBwgu0wBdUu09I+PwwLyE2QGfs=
github.com/bowman2001/hugo-mod-resource v0.0.0-20230828081742-ba67f8a96c7e/go.mod h1:bpkDPq8884Zx71IRcp8YvbRsqGbvF4nA2S5bNVBrvs8=
github.com/bowman2001/hugo-mod-resource v0.0.0-20230828174036-e519840bcbc6 h1:RV6ifpsB3xRGhXuUt7GMQmMEwdeDwKTe9SGCARLFuXk=
github.com/bowman2001/hugo-mod-resource v0.0.0-20230828174036-e519840bcbc6/go.mod h1:bpkDPq8884Zx71IRcp8YvbRsqGbvF4nA2S5bNVBrvs8=
github.com/bowman2001/hugo-mod-resource v0.0.0-20230828194325-ca4ab53ac74d h1:3YKns4V/ISIu3ehG+DPd4GuSKYh5KEnuBXS+210dZeA=
github.com/bowman2001/hugo-mod-resource v0.0.0-20230828194325-ca4ab53ac74d/go.mod h1:bpkDPq8884Zx71IRcp8YvbRsqGbvF4nA2S5bNVBrvs8=
github.com/bowman2001/hugo-mod-resource v0.0.0-20230828203210-bc37e4341537 h1:a0wMZ6oGF8D3Cs6QaFg20hW9LeGtdAlnlR1Tz7vduZ0=
github.com/bowman2001/hugo-mod-resource v0.0.0-20230828203210-bc37e4341537/go.mod h1:XaqBpwviNkKXnCArAwk2jQAysLJxWbJxRbtniDIJwd0=
github.com/bowman2001/hugo-mod-resource v0.0.0-20230908153025-befd6eb71b3e h1:T9nSbqKRnIuaq39BDlB0gNXkWiQOfy0jWrqrvo29IRw=
github.com/bowman2001/hugo-mod-resource v0.0.0-20230908153025-befd6eb71b3e/go.mod h1:XaqBpwviNkKXnCArAwk2jQAysLJxWbJxRbtniDIJwd0=
github.com/bowman2001/hugo-mod-resource v0.0.0-20230908160630-6fb6debf80bc h1:mwd5ICbltljetmTWi1IlN2ANVWRaQA6CZTM0djND17c=
github.com/bowman2001/hugo-mod-resource v0.0.0-20230908160630-6fb6debf80bc/go.mod h1:XaqBpwviNkKXnCArAwk2jQAysLJxWbJxRbtniDIJwd0=
github.com/bowman2001/hugo-mod-resource v0.0.0-20230911120504-433b7db02370 h1:ZCTQQc88YuI1Kq+Mg0vq4oDrD+mbE5rbY+sXrXjoj8c=
github.com/bowman2001/hugo-mod-resource v0.0.0-20230911120504-433b7db02370/go.mod h1:XaqBpwviNkKXnCArAwk2jQAysLJxWbJxRbtniDIJwd0=
github.com/bowman2001/hugo-mod-resource v0.0.0-20230911122908-63220d3b3ace h1:RMwi3gCnwpwfjLBAjt5RAEdPLWEHCr6p2Z3qj7TAGGk=
github.com/bowman2001/hugo-mod-resource v0.0.0-20230911122908-63220d3b3ace/go.mod h1:XaqBpwviNkKXnCArAwk2jQAysLJxWbJxRbtniDIJwd0=
github.com/bowman2001/hugo-mod-resource v0.0.0-20230912205759-0e20e8d6448a h1:01wYglu+IVEmbOzXFyzE9ZU6zBgaWJ5fB7jdVD2FnRg=
github.com/bowman2001/hugo-mod-resource v0.0.0-20230912205759-0e20e8d6448a/go.mod h1:XaqBpwviNkKXnCArAwk2jQAysLJxWbJxRbtniDIJwd0=
github.com/bowman2001/hugo-mod-resource v0.0.0-20230912210851-3742b8d903eb h1:If+hRcZWjss57ArApoPN9Pt4c07Z4MJOPImL2zorPQo=
github.com/bowman2001/hugo-mod-resource v0.0.0-20230912210851-3742b8d903eb/go.mod h1:XaqBpwviNkKXnCArAwk2jQAysLJxWbJxRbtniDIJwd0=
github.com/bowman2001/hugo-mod-resource v0.0.0-20230912211119-461b3f200323 h1:kHUs4Xfe8ehDctwh9yznNb37EQUGrEQQOehnqj8BoIA=
github.com/bowman2001/hugo-mod-resource v0.0.0-20230912211119-461b3f200323/go.mod h1:XaqBpwviNkKXnCArAwk2jQAysLJxWbJxRbtniDIJwd0=
github.com/bowman2001/hugo-mod-resource v0.0.0-20230912211328-9abcf4f2fed6 h1:minupTsX0RF3MlGTle7I5fCjUvo4ShXcM+NK4xelpmI=
github.com/bowman2001/hugo-mod-resource v0.0.0-20230912211328-9abcf4f2fed6/go.mod h1:XaqBpwviNkKXnCArAwk2jQAysLJxWbJxRbtniDIJwd0=
github.com/bowman2001/hugo-mod-resource v0.0.0-20230912211512-1f3365292c9f h1:WiFmTja4FD8PDgVe1FP71jKbXCBa8cO8rPZj4aSB74U=
github.com/bowman2001/hugo-mod-resource v0.0.0-20230912211512-1f3365292c9f/go.mod h1:XaqBpwviNkKXnCArAwk2jQAysLJxWbJxRbtniDIJwd0=
github.com/bowman2001/hugo-mod-resource v0.0.0-20230913075859-6f3a9a3a32f6 h1:Zj5cJ6tmtgX3boWZhIMYIK/1ktiYsdwYeiBqB/kjWc0=
github.com/bowman2001/hugo-mod-resource v0.0.0-20230913075859-6f3a9a3a32f6/go.mod h1:XaqBpwviNkKXnCArAwk2jQAysLJxWbJxRbtniDIJwd0=
github.com/bowman2001/hugo-mod-resource v0.0.0-20230914142202-a6a90c0ff225 h1:bry4yamIZJZYTNldQJJSuaYDTeBeV5OxNnodF/cdoq4=
github.com/bowman2001/hugo-mod-resource v0.0.0-20230914142202-a6a90c0ff225/go.mod h1:XaqBpwviNkKXnCArAwk2jQAysLJxWbJxRbtniDIJwd0=
github.com/bowman2001/hugo-mod-resource v0.0.0-20230914191640-d86064f0eb65 h1:eMqtJ0/LR80U2yutZ65TUgmvibmJyaa1HYxO4S0922Q=
github.com/bowman2001/hugo-mod-resource v0.0.0-20230914191640-d86064f0eb65/go.mod h1:XaqBpwviNkKXnCArAwk2jQAysLJxWbJxRbtniDIJwd0=
github.com/bowman2001/hugo-mod-resource v0.0.0-20230914192156-7694e7c9cfa9 h1:vB1icvP9rIJKJL1MglbIxB+MkFAVYcfuRHo1gMDSqgs=
github.com/bowman2001/hugo-mod-resource v0.0.0-20230914192156-7694e7c9cfa9/go.mod h1:XaqBpwviNkKXnCArAwk2jQAysLJxWbJxRbtniDIJwd0=
github.com/bowman2001/hugo-mod-resource v0.0.0-20230914210227-378518409564 h1:GhZ4T3zDN95MbnhxYN2c9jOw0G84X0fPJQS/bn/LMV0=
github.com/bowman2001/hugo-mod-resource v0.0.0-20230914210227-378518409564/go.mod h1:XaqBpwviNkKXnCArAwk2jQAysLJxWbJxRbtniDIJwd0=
github.com/bowman2001/hugo-mod-resource v0.0.0-20230915102315-3b914d0429ce h1:3n8IJb+1NqS1xJf6Lzc2YfZF5rFvmaQC5IslGuTXD3w=
github.com/bowman2001/hugo-mod-resource v0.0.0-20230915102315-3b914d0429ce/go.mod h1:XaqBpwviNkKXnCArAwk2jQAysLJxWbJxRbtniDIJwd0=
github.com/bowman2001/hugo-mod-resource v0.0.0-20230925100400-ff39aded4edf h1:aTjlWeWVT4jrpGM7NeItB3+TNP/UX9qE4BXiGj9LxmY=
github.com/bowman2001/hugo-mod-resource v0.0.0-20230925100400-ff39aded4edf/go.mod h1:XaqBpwviNkKXnCArAwk2jQAysLJxWbJxRbtniDIJwd0=
github.com/bowman2001/hugo-mod-resource v0.0.0-20230925150352-c1b57d5d44fa h1:KvqZWqwfaEo7Aezuk5KIt/4poWXfvc7gkDR4A/O3O7w=
github.com/bowman2001/hugo-mod-resource v0.0.0-20230925150352-c1b57d5d44fa/go.mod h1:XaqBpwviNkKXnCArAwk2jQAysLJxWbJxRbtniDIJwd0=
github.com/bowman2001/hugo-mod-resource v0.0.0-20230926192347-ab0b872c2f0e h1:NmDWvTRzTF4iMPfbzKlw4AWEwoW5WwqIJDPVxGmEs1o=
github.com/bowman2001/hugo-mod-resource v0.0.0-20230926192347-ab0b872c2f0e/go.mod h1:XaqBpwviNkKXnCArAwk2jQAysLJxWbJxRbtniDIJwd0=
github.com/bowman2001/hugo-mod-resource v0.0.0-20230927144514-ae9cce3bdbb0 h1:YQuZxzFjgK8rjKSPEcMAG65gMJhAuY8rAaTY4aABT1s=
github.com/bowman2001/hugo-mod-resource v0.0.0-20230927144514-ae9cce3bdbb0/go.mod h1:XaqBpwviNkKXnCArAwk2jQAysLJxWbJxRbtniDIJwd0=
github.com/bowman2001/hugo-mod-resource v0.0.0-20230929124945-f88ee1f22d29 h1:NGs/YufYl99OXJT+1rEpd4qUWyIv+HC0+zlUTi3Mgf4=
github.com/bowman2001/hugo-mod-resource v0.0.0-20230929124945-f88ee1f22d29/go.mod h1:XaqBpwviNkKXnCArAwk2jQAysLJxWbJxRbtniDIJwd0=
github.com/bowman2001/hugo-mod-resource v0.0.0-20230929131237-6b40a97b4ef3 h1:ChBWEQghEpZniT0630mCz/TkxSnM4p+pexv/AVoFkaQ=
github.com/bowman2001/hugo-mod-resource v0.0.0-20230929131237-6b40a97b4ef3/go.mod h1:XaqBpwviNkKXnCArAwk2jQAysLJxWbJxRbtniDIJwd0=
github.com/bowman2001/hugo-mod-resource v0.0.0-20230930134935-bfe40d70dc3b h1:q0d+WlxLKOG9aNIqmAGHZZEocuxKk4nOakknjQEJjFo=
github.com/bowman2001/hugo-mod-resource v0.0.0-20230930134935-bfe40d70dc3b/go.mod h1:XaqBpwviNkKXnCArAwk2jQAysLJxWbJxRbtniDIJwd0=
github.com/bowman2001/hugo-mod-resource v0.0.0-20230930135357-1a5b8e9e7893 h1:dmK2aX7ekX3vQ31B3VvDLHpcOCFjPP0yNjm1sgeaaQg=
github.com/bowman2001/hugo-mod-resource v0.0.0-20230930135357-1a5b8e9e7893/go.mod h1:XaqBpwviNkKXnCArAwk2jQAysLJxWbJxRbtniDIJwd0=
github.com/bowman2001/hugo-mod-resource v0.1.0 h1:x/dQKplZ3JO8vhdn22BMPNmAhNw+brx2rh0WSTh6evY=
github.com/bowman2001/hugo-mod-resource v0.1.0/go.mod h1:XaqBpwviNkKXnCArAwk2jQAysLJxWbJxRbtniDIJwd0=
github.com/bowman2001/hugo-mod-resource v0.1.2 h1:+6thJesmW8Q6FQgCawW39JqJB7Kg35oaxsdzyQgmkiA=
github.com/bowman2001/hugo-mod-resource v0.1.2/go.mod h1:XaqBpwviNkKXnCArAwk2jQAysLJxWbJxRbtniDIJwd0=
github.com/bowman2001/hugo-mod-resource v0.1.3 h1:ZCA5eDR4cyihtXEJppkjhb5svUy/6Pv169W9tlx4fSw=
github.com/bowman2001/hugo-mod-resource v0.1.3/go.mod h1:XaqBpwviNkKXnCArAwk2jQAysLJxWbJxRbtniDIJwd0=
github.com/bowman2001/hugo-mod-resource v0.1.4 h1:NS/ywH38FBGdEOfIjtQ5/wVJ6Gdxkm9gQc6ayRmAxz0=
github.com/bowman2001/hugo-mod-resource v0.1.4/go.mod h1:s1PIe/AVIX+pr6mBDbIbNvaseGPuZK08NkgxPMyVYSQ=
