github.com/bowman2001/hugo-mod-error-message v0.0.0-20230827105339-00c160f7b8ba h1:lT9q+3BAnwdl7YIx1+Iz4KgHgBWe48w9N1yYCf3kTu4=
github.com/bowman2001/hugo-mod-error-message v0.0.0-20230827105339-00c160f7b8ba/go.mod h1:s473WVJh6WZSTryMc/OSxp5F1pRAoMw73ClzmbUcbRk=
github.com/bowman2001/hugo-mod-error-message v0.0.0-20230828202921-a80cf9b12869 h1:7KwUAvBgPzUM60+Mmwj3fc2MHIqYpa/op8C7wbB9XaE=
github.com/bowman2001/hugo-mod-error-message v0.0.0-20230828202921-a80cf9b12869/go.mod h1:s473WVJh6WZSTryMc/OSxp5F1pRAoMw73ClzmbUcbRk=
github.com/bowman2001/hugo-mod-image v0.0.0-20230824130622-a8b58edb8e0a h1:ZaBVVoibmACKmHa/DjAf6idxh1/UOrYvaaqslMSaLTo=
github.com/bowman2001/hugo-mod-image v0.0.0-20230824130622-a8b58edb8e0a/go.mod h1:S6nfOoTUyVKnDj92lm+SMjUH3WWbzc++FVmflwGyRck=
github.com/bowman2001/hugo-mod-image v0.0.0-20230824132640-c1aec8739c5b h1:2elhYb14MO4PmCgE/1xd0EnsgjXT6DVJz4T6GDAExQg=
github.com/bowman2001/hugo-mod-image v0.0.0-20230824132640-c1aec8739c5b/go.mod h1:S6nfOoTUyVKnDj92lm+SMjUH3WWbzc++FVmflwGyRck=
github.com/bowman2001/hugo-mod-pangram v0.0.0-20230803153646-6851d0e94236 h1:dpQ/1Ue1X8xYw00zZNM9QPNIaAwvLU4Wq4FjkBapkrY=
github.com/bowman2001/hugo-mod-pangram v0.0.0-20230803153646-6851d0e94236/go.mod h1:p26SPxvC7Q7pLpgX+qS0qicq8Nck5ewwSkS6IfzF3kM=
github.com/bowman2001/hugo-mod-resource v0.0.0-20230827174850-1542fd063c82 h1:oZZXeDprzoWa2l6jWVkk0NIHerWm3joY/2zkHXzzvgk=
github.com/bowman2001/hugo-mod-resource v0.0.0-20230827174850-1542fd063c82/go.mod h1:ogxoWgrfHZ1zwnU02JMH0Ep43QIr19T5Ld9pLDnBwVs=
github.com/bowman2001/hugo-mod-resource v0.0.0-20230827183443-a64d78766181 h1:ptAigNqbktBI2kiNxxlmk5qmPKzrgDCfxD20jh+p0aA=
github.com/bowman2001/hugo-mod-resource v0.0.0-20230827183443-a64d78766181/go.mod h1:ogxoWgrfHZ1zwnU02JMH0Ep43QIr19T5Ld9pLDnBwVs=
github.com/bowman2001/hugo-mod-resource v0.0.0-20230828081742-ba67f8a96c7e h1:X+uekrNFDBM6uD5BeGBwgu0wBdUu09I+PwwLyE2QGfs=
github.com/bowman2001/hugo-mod-resource v0.0.0-20230828081742-ba67f8a96c7e/go.mod h1:bpkDPq8884Zx71IRcp8YvbRsqGbvF4nA2S5bNVBrvs8=
github.com/bowman2001/hugo-mod-resource v0.0.0-20230828174036-e519840bcbc6 h1:RV6ifpsB3xRGhXuUt7GMQmMEwdeDwKTe9SGCARLFuXk=
github.com/bowman2001/hugo-mod-resource v0.0.0-20230828174036-e519840bcbc6/go.mod h1:bpkDPq8884Zx71IRcp8YvbRsqGbvF4nA2S5bNVBrvs8=
github.com/bowman2001/hugo-mod-resource v0.0.0-20230828194325-ca4ab53ac74d h1:3YKns4V/ISIu3ehG+DPd4GuSKYh5KEnuBXS+210dZeA=
github.com/bowman2001/hugo-mod-resource v0.0.0-20230828194325-ca4ab53ac74d/go.mod h1:bpkDPq8884Zx71IRcp8YvbRsqGbvF4nA2S5bNVBrvs8=
github.com/bowman2001/hugo-mod-resource v0.0.0-20230828203210-bc37e4341537 h1:a0wMZ6oGF8D3Cs6QaFg20hW9LeGtdAlnlR1Tz7vduZ0=
github.com/bowman2001/hugo-mod-resource v0.0.0-20230828203210-bc37e4341537/go.mod h1:XaqBpwviNkKXnCArAwk2jQAysLJxWbJxRbtniDIJwd0=
github.com/bowman2001/hugo-mod-resource v0.0.0-20230908153025-befd6eb71b3e h1:T9nSbqKRnIuaq39BDlB0gNXkWiQOfy0jWrqrvo29IRw=
github.com/bowman2001/hugo-mod-resource v0.0.0-20230908153025-befd6eb71b3e/go.mod h1:XaqBpwviNkKXnCArAwk2jQAysLJxWbJxRbtniDIJwd0=
github.com/bowman2001/hugo-mod-resource v0.0.0-20230908160630-6fb6debf80bc h1:mwd5ICbltljetmTWi1IlN2ANVWRaQA6CZTM0djND17c=
github.com/bowman2001/hugo-mod-resource v0.0.0-20230908160630-6fb6debf80bc/go.mod h1:XaqBpwviNkKXnCArAwk2jQAysLJxWbJxRbtniDIJwd0=
github.com/bowman2001/hugo-mod-resource v0.0.0-20230911120504-433b7db02370 h1:ZCTQQc88YuI1Kq+Mg0vq4oDrD+mbE5rbY+sXrXjoj8c=
github.com/bowman2001/hugo-mod-resource v0.0.0-20230911120504-433b7db02370/go.mod h1:XaqBpwviNkKXnCArAwk2jQAysLJxWbJxRbtniDIJwd0=
github.com/bowman2001/hugo-mod-resource v0.0.0-20230911122908-63220d3b3ace h1:RMwi3gCnwpwfjLBAjt5RAEdPLWEHCr6p2Z3qj7TAGGk=
github.com/bowman2001/hugo-mod-resource v0.0.0-20230911122908-63220d3b3ace/go.mod h1:XaqBpwviNkKXnCArAwk2jQAysLJxWbJxRbtniDIJwd0=
github.com/bowman2001/hugo-mod-resource v0.0.0-20230912205759-0e20e8d6448a h1:01wYglu+IVEmbOzXFyzE9ZU6zBgaWJ5fB7jdVD2FnRg=
github.com/bowman2001/hugo-mod-resource v0.0.0-20230912205759-0e20e8d6448a/go.mod h1:XaqBpwviNkKXnCArAwk2jQAysLJxWbJxRbtniDIJwd0=
github.com/bowman2001/hugo-mod-resource v0.0.0-20230912210851-3742b8d903eb h1:If+hRcZWjss57ArApoPN9Pt4c07Z4MJOPImL2zorPQo=
github.com/bowman2001/hugo-mod-resource v0.0.0-20230912210851-3742b8d903eb/go.mod h1:XaqBpwviNkKXnCArAwk2jQAysLJxWbJxRbtniDIJwd0=
github.com/bowman2001/hugo-mod-resource v0.0.0-20230912211119-461b3f200323 h1:kHUs4Xfe8ehDctwh9yznNb37EQUGrEQQOehnqj8BoIA=
github.com/bowman2001/hugo-mod-resource v0.0.0-20230912211119-461b3f200323/go.mod h1:XaqBpwviNkKXnCArAwk2jQAysLJxWbJxRbtniDIJwd0=
github.com/bowman2001/hugo-mod-resource v0.0.0-20230912211328-9abcf4f2fed6 h1:minupTsX0RF3MlGTle7I5fCjUvo4ShXcM+NK4xelpmI=
github.com/bowman2001/hugo-mod-resource v0.0.0-20230912211328-9abcf4f2fed6/go.mod h1:XaqBpwviNkKXnCArAwk2jQAysLJxWbJxRbtniDIJwd0=
github.com/bowman2001/hugo-mod-resource v0.0.0-20230912211512-1f3365292c9f h1:WiFmTja4FD8PDgVe1FP71jKbXCBa8cO8rPZj4aSB74U=
github.com/bowman2001/hugo-mod-resource v0.0.0-20230912211512-1f3365292c9f/go.mod h1:XaqBpwviNkKXnCArAwk2jQAysLJxWbJxRbtniDIJwd0=
