github.com/bowman2001/hugo-mod-image v0.0.0-20230824130622-a8b58edb8e0a h1:ZaBVVoibmACKmHa/DjAf6idxh1/UOrYvaaqslMSaLTo=
github.com/bowman2001/hugo-mod-image v0.0.0-20230824130622-a8b58edb8e0a/go.mod h1:S6nfOoTUyVKnDj92lm+SMjUH3WWbzc++FVmflwGyRck=
github.com/bowman2001/hugo-mod-image v0.0.0-20230824132640-c1aec8739c5b h1:2elhYb14MO4PmCgE/1xd0EnsgjXT6DVJz4T6GDAExQg=
github.com/bowman2001/hugo-mod-image v0.0.0-20230824132640-c1aec8739c5b/go.mod h1:S6nfOoTUyVKnDj92lm+SMjUH3WWbzc++FVmflwGyRck=
github.com/bowman2001/hugo-mod-pangram v0.0.0-20230803153646-6851d0e94236 h1:dpQ/1Ue1X8xYw00zZNM9QPNIaAwvLU4Wq4FjkBapkrY=
github.com/bowman2001/hugo-mod-pangram v0.0.0-20230803153646-6851d0e94236/go.mod h1:p26SPxvC7Q7pLpgX+qS0qicq8Nck5ewwSkS6IfzF3kM=
